{
    "_readme": [
        "This file locks the dependencies of your project to a known state",
        "Read more about it at http://getcomposer.org/doc/01-basic-usage.md#composer-lock-the-lock-file"
    ],
    "hash": "cd9febb669cfc7ed4e50e9a7587e29de",
    "packages": [
        {
            "name": "guzzle/guzzle",
            "version": "v3.8.0",
            "source": {
                "type": "git",
                "url": "https://github.com/guzzle/guzzle.git",
                "reference": "b4a3ce8c05e777fa18b802956d5d0e38ad338a69"
            },
            "dist": {
                "type": "zip",
                "url": "https://api.github.com/repos/guzzle/guzzle/zipball/b4a3ce8c05e777fa18b802956d5d0e38ad338a69",
                "reference": "b4a3ce8c05e777fa18b802956d5d0e38ad338a69",
                "shasum": ""
            },
            "require": {
                "ext-curl": "*",
                "php": ">=5.3.3",
                "symfony/event-dispatcher": ">=2.1"
            },
            "replace": {
                "guzzle/batch": "self.version",
                "guzzle/cache": "self.version",
                "guzzle/common": "self.version",
                "guzzle/http": "self.version",
                "guzzle/inflection": "self.version",
                "guzzle/iterator": "self.version",
                "guzzle/log": "self.version",
                "guzzle/parser": "self.version",
                "guzzle/plugin": "self.version",
                "guzzle/plugin-async": "self.version",
                "guzzle/plugin-backoff": "self.version",
                "guzzle/plugin-cache": "self.version",
                "guzzle/plugin-cookie": "self.version",
                "guzzle/plugin-curlauth": "self.version",
                "guzzle/plugin-error-response": "self.version",
                "guzzle/plugin-history": "self.version",
                "guzzle/plugin-log": "self.version",
                "guzzle/plugin-md5": "self.version",
                "guzzle/plugin-mock": "self.version",
                "guzzle/plugin-oauth": "self.version",
                "guzzle/service": "self.version",
                "guzzle/stream": "self.version"
            },
            "require-dev": {
                "doctrine/cache": "*",
                "monolog/monolog": "1.*",
                "phpunit/phpunit": "3.7.*",
                "psr/log": "1.0.*",
                "symfony/class-loader": "*",
                "zendframework/zend-cache": "2.0.*",
                "zendframework/zend-log": "2.0.*"
            },
            "type": "library",
            "extra": {
                "branch-alias": {
                    "dev-master": "3.8-dev"
                }
            },
            "autoload": {
                "psr-0": {
                    "Guzzle\\Tests": "tests/",
                    "Guzzle": "src/"
                }
            },
            "notification-url": "https://packagist.org/downloads/",
            "license": [
                "MIT"
            ],
            "authors": [
                {
                    "name": "Michael Dowling",
                    "email": "mtdowling@gmail.com",
                    "homepage": "https://github.com/mtdowling"
                },
                {
                    "name": "Guzzle Community",
                    "homepage": "https://github.com/guzzle/guzzle/contributors"
                }
            ],
            "description": "Guzzle is a PHP HTTP client library and framework for building RESTful web service clients",
            "homepage": "http://guzzlephp.org/",
            "keywords": [
                "client",
                "curl",
                "framework",
                "http",
                "http client",
                "rest",
                "web service"
            ],
            "time": "2013-12-05 23:39:20"
        },
        {
            "name": "jaz303/phake",
            "version": "v0.5.1",
            "source": {
                "type": "git",
                "url": "https://github.com/jaz303/phake.git",
                "reference": "66f2ef4e3cf8f7fd24d3d9d65936a425e55ae637"
            },
            "dist": {
                "type": "zip",
                "url": "https://api.github.com/repos/jaz303/phake/zipball/66f2ef4e3cf8f7fd24d3d9d65936a425e55ae637",
                "reference": "66f2ef4e3cf8f7fd24d3d9d65936a425e55ae637",
                "shasum": ""
            },
            "require": {
                "php": ">=5.3.0"
            },
            "bin": [
                "bin/phake"
            ],
            "type": "library",
            "notification-url": "https://packagist.org/downloads/",
            "license": [
                "MIT"
            ],
            "authors": [
                {
                    "name": "Jason Frame",
                    "email": "jason@onehackoranother.com"
                }
            ],
            "description": "A wee clone of Ruby's rake for PHP 5.3. Uses closures for ultimate coolness.",
            "homepage": "http://github.com/jaz303/phake",
            "keywords": [
                "Tasks",
                "automation",
                "cli"
            ],
            "time": "2013-07-15 19:08:00"
        },
        {
            "name": "netcarver/textile",
            "version": "v3.5.4",
            "source": {
                "type": "git",
                "url": "https://github.com/textile/php-textile.git",
                "reference": "5d170a5fd1ad50793ca92b0cb188aecfdec8571b"
            },
            "dist": {
                "type": "zip",
                "url": "https://api.github.com/repos/textile/php-textile/zipball/5d170a5fd1ad50793ca92b0cb188aecfdec8571b",
                "reference": "5d170a5fd1ad50793ca92b0cb188aecfdec8571b",
                "shasum": ""
            },
            "require": {
                "php": ">=5.3.0"
            },
            "require-dev": {
                "phpunit/phpunit": "3.7.*",
                "symfony/yaml": "2.3.*"
            },
            "type": "library",
            "extra": {
                "branch-alias": {
                    "dev-master": "3.5-dev"
                }
            },
            "autoload": {
                "psr-0": {
                    "Netcarver\\Textile": "src/"
                }
            },
            "notification-url": "https://packagist.org/downloads/",
            "license": [
                "BSD-3-Clause"
            ],
            "description": "A lightweight markup language that takes (almost) plaintext and converts it into well formed HTML.",
            "homepage": "https://github.com/textile/php-textile",
            "time": "2013-11-05 19:26:42"
        },
        {
            "name": "neutron/recaptcha",
            "version": "0.1.3",
            "source": {
                "type": "git",
                "url": "https://github.com/romainneutron/ReCaptcha.git",
                "reference": "f9de705c5b8631ec74353bb9f0b5077d50328ab2"
            },
            "dist": {
                "type": "zip",
                "url": "https://api.github.com/repos/romainneutron/ReCaptcha/zipball/f9de705c5b8631ec74353bb9f0b5077d50328ab2",
                "reference": "f9de705c5b8631ec74353bb9f0b5077d50328ab2",
                "shasum": ""
            },
            "require": {
                "guzzle/guzzle": "~3.0"
            },
            "require-dev": {
                "silex/silex": "1.0.x-dev@dev",
                "symfony/http-foundation": "~2.0"
            },
            "suggest": {
                "symfony/http-foundation": "To bind symfony request to ReCaptcha"
            },
            "type": "library",
            "autoload": {
                "psr-0": {
                    "Neutron": "src"
                }
            },
            "notification-url": "https://packagist.org/downloads/",
            "license": [
                "MIT"
            ],
            "authors": [
                {
                    "name": "Romain Neutron",
                    "email": "imprec@gmail.com",
                    "homepage": "http://www.lickmychip.com/"
                }
            ],
            "description": "ReCaptcha Client",
            "time": "2013-02-14 13:42:00"
        },
        {
            "name": "phpseclib/phpseclib",
            "version": "0.3.5",
            "source": {
                "type": "git",
                "url": "https://github.com/phpseclib/phpseclib.git",
                "reference": "fe3765fe1773c9d62985d05d5b5da24c921c4bd0"
            },
            "dist": {
                "type": "zip",
                "url": "https://api.github.com/repos/phpseclib/phpseclib/zipball/fe3765fe1773c9d62985d05d5b5da24c921c4bd0",
                "reference": "fe3765fe1773c9d62985d05d5b5da24c921c4bd0",
                "shasum": ""
            },
            "require": {
                "php": ">=5.0.0"
            },
            "suggest": {
                "ext-gmp": "Install the GMP (GNU Multiple Precision) extension in order to speed up arbitrary precision integer arithmetic operations.",
                "ext-mcrypt": "Install the Mcrypt extension in order to speed up a wide variety of cryptographic operations.",
                "pear-pear/PHP_Compat": "Install PHP_Compat to get phpseclib working on PHP >= 4.3.3."
            },
            "type": "library",
            "extra": {
                "branch-alias": {
                    "dev-master": "0.3-dev"
                }
            },
            "autoload": {
                "psr-0": {
                    "Crypt": "phpseclib/",
                    "File": "phpseclib/",
                    "Math": "phpseclib/",
                    "Net": "phpseclib/"
                },
                "files": [
                    "phpseclib/Crypt/Random.php"
                ]
            },
            "notification-url": "https://packagist.org/downloads/",
            "include-path": [
                "phpseclib/"
            ],
            "license": [
                "MIT"
            ],
            "authors": [
                {
                    "name": "Jim Wigginton",
                    "email": "terrafrost@php.net",
                    "role": "Developer"
                }
            ],
            "description": "PHP Secure Communications Library - Pure-PHP implementations of RSA, AES, SSH2, SFTP, X.509 etc.",
            "homepage": "http://phpseclib.sourceforge.net",
            "keywords": [
                "BigInteger",
                "aes",
                "asn.1",
                "asn1",
                "crypto",
                "cryptography",
                "encryption",
                "rsa",
                "security",
                "sftp",
                "signature",
                "signing",
                "ssh",
                "x.509",
                "x509"
            ],
            "time": "2013-06-08 17:40:39"
        },
        {
            "name": "pomander/pomander",
            "version": "0.3.9",
            "source": {
                "type": "git",
                "url": "https://github.com/tamagokun/pomander.git",
                "reference": "eef136e8ca751b092a30b55a9d4a9a9bf612ed1a"
            },
            "dist": {
                "type": "zip",
                "url": "https://api.github.com/repos/tamagokun/pomander/zipball/eef136e8ca751b092a30b55a9d4a9a9bf612ed1a",
                "reference": "eef136e8ca751b092a30b55a9d4a9a9bf612ed1a",
                "shasum": ""
            },
            "require": {
                "jaz303/phake": "*",
                "phpseclib/phpseclib": "*"
            },
            "bin": [
                "bin/pom"
            ],
            "type": "library",
            "autoload": {
                "psr-0": {
                    "Pomander": "lib"
                }
            },
            "notification-url": "https://packagist.org/downloads/",
            "license": [
                "MIT"
            ],
            "authors": [
                {
                    "name": "Mike Kruk",
                    "email": "tamagokun@gmail.com",
                    "homepage": "http://ripeworks.com"
                }
            ],
            "description": "Deployment for PHP",
            "homepage": "http://github.com/tamagokun/pomander",
            "keywords": [
                "deploy",
                "git",
                "svn"
            ],
            "time": "2013-10-22 12:40:06"
        },
        {
            "name": "symfony/event-dispatcher",
            "version": "v2.4.0",
            "target-dir": "Symfony/Component/EventDispatcher",
            "source": {
                "type": "git",
                "url": "https://github.com/symfony/EventDispatcher.git",
                "reference": "acd1707236f6eb96fbb8d58f63d289b72ebc2f6e"
            },
            "dist": {
                "type": "zip",
                "url": "https://api.github.com/repos/symfony/EventDispatcher/zipball/acd1707236f6eb96fbb8d58f63d289b72ebc2f6e",
                "reference": "acd1707236f6eb96fbb8d58f63d289b72ebc2f6e",
                "shasum": ""
            },
            "require": {
                "php": ">=5.3.3"
            },
            "require-dev": {
                "symfony/dependency-injection": "~2.0"
            },
            "suggest": {
                "symfony/dependency-injection": "",
                "symfony/http-kernel": ""
            },
            "type": "library",
            "extra": {
                "branch-alias": {
                    "dev-master": "2.4-dev"
                }
            },
            "autoload": {
                "psr-0": {
                    "Symfony\\Component\\EventDispatcher\\": ""
                }
            },
            "notification-url": "https://packagist.org/downloads/",
            "license": [
                "MIT"
            ],
            "authors": [
                {
                    "name": "Fabien Potencier",
                    "email": "fabien@symfony.com"
                },
                {
                    "name": "Symfony Community",
                    "homepage": "http://symfony.com/contributors"
                }
            ],
            "description": "Symfony EventDispatcher Component",
            "homepage": "http://symfony.com",
            "time": "2013-12-03 14:52:22"
        }
    ],
    "packages-dev": [
        {
            "name": "squizlabs/php_codesniffer",
            "version": "1.5.1",
            "source": {
                "type": "git",
                "url": "https://github.com/squizlabs/PHP_CodeSniffer.git",
                "reference": "bd1e50b8c252c914881dba1dcef089219e430dbd"
            },
            "dist": {
                "type": "zip",
                "url": "https://api.github.com/repos/squizlabs/PHP_CodeSniffer/zipball/bd1e50b8c252c914881dba1dcef089219e430dbd",
                "reference": "bd1e50b8c252c914881dba1dcef089219e430dbd",
                "shasum": ""
            },
            "require": {
                "ext-tokenizer": "*",
                "php": ">=5.1.2"
            },
            "suggest": {
                "phpunit/php-timer": "dev-master"
            },
            "bin": [
                "scripts/phpcs"
            ],
            "type": "library",
            "autoload": {
                "classmap": [
                    "CodeSniffer.php",
                    "CodeSniffer/CLI.php",
                    "CodeSniffer/Exception.php",
                    "CodeSniffer/File.php",
                    "CodeSniffer/Report.php",
                    "CodeSniffer/Reporting.php",
                    "CodeSniffer/Sniff.php",
                    "CodeSniffer/Tokens.php",
                    "CodeSniffer/Reports/",
                    "CodeSniffer/CommentParser/",
                    "CodeSniffer/Tokenizers/",
                    "CodeSniffer/DocGenerators/",
                    "CodeSniffer/Standards/AbstractPatternSniff.php",
                    "CodeSniffer/Standards/AbstractScopeSniff.php",
                    "CodeSniffer/Standards/AbstractVariableSniff.php",
                    "CodeSniffer/Standards/IncorrectPatternException.php",
                    "CodeSniffer/Standards/Generic/Sniffs/",
                    "CodeSniffer/Standards/MySource/Sniffs/",
                    "CodeSniffer/Standards/PEAR/Sniffs/",
                    "CodeSniffer/Standards/PSR1/Sniffs/",
                    "CodeSniffer/Standards/PSR2/Sniffs/",
                    "CodeSniffer/Standards/Squiz/Sniffs/",
                    "CodeSniffer/Standards/Zend/Sniffs/"
                ]
            },
            "notification-url": "https://packagist.org/downloads/",
            "license": [
                "BSD-3-Clause"
            ],
            "authors": [
                {
                    "name": "Greg Sherwood",
                    "role": "lead"
                }
            ],
            "description": "PHP_CodeSniffer tokenises PHP, JavaScript and CSS files and detects violations of a defined set of coding standards.",
            "homepage": "http://www.squizlabs.com/php-codesniffer",
            "keywords": [
                "phpcs",
                "standards"
            ],
            "time": "2013-12-12 03:08:49"
        }
    ],
    "aliases": [

    ],
    "minimum-stability": "stable",
    "stability-flags": [

    ],
    "platform": [

    ],
    "platform-dev": [

    ]
}
